
Microsoft Visual Studio Solution File, Format Version 12.00
# Visual Studio Version 17
VisualStudioVersion = 17.0.31903.59
MinimumVisualStudioVersion = 10.0.40219.1
Project("{2150E333-8FDC-42A3-9474-1A3956D46DE8}") = "Api", "Api", "{D82C56D6-B2CD-F611-9E31-04638F7EC30E}"
EndProject
Project("{FAE04EC0-301F-11D3-BF4B-00C04F79EFBC}") = "SriDurgaHariHaraBackend.Api", "Api\SriDurgaHariHaraBackend.Api.csproj", "{51ED8063-D376-4506-A947-219EC7284610}"
EndProject
Project("{2150E333-8FDC-42A3-9474-1A3956D46DE8}") = "Application", "Application", "{A74F262E-BDE7-D5D2-89E9-785413424D0A}"
EndProject
Project("{FAE04EC0-301F-11D3-BF4B-00C04F79EFBC}") = "SriDurgaHariHaraBackend.Application", "Application\SriDurgaHariHaraBackend.Application.csproj", "{1204D8C8-6A90-4370-ADB5-40BFB6DC5803}"
EndProject
Project("{2150E333-8FDC-42A3-9474-1A3956D46DE8}") = "Domain", "Domain", "{996CEBED-A05B-5D42-3FF0-982E087A2599}"
EndProject
Project("{FAE04EC0-301F-11D3-BF4B-00C04F79EFBC}") = "SriDurgaHariHaraBackend.Domain", "Domain\SriDurgaHariHaraBackend.Domain.csproj", "{518B5169-A031-439B-B661-30925675C1C5}"
EndProject
Project("{2150E333-8FDC-42A3-9474-1A3956D46DE8}") = "Data", "Data", "{DFEE68D8-A7D0-1A41-506C-9B74AA9A7B7B}"
EndProject
Project("{FAE04EC0-301F-11D3-BF4B-00C04F79EFBC}") = "SriDurgaHariHaraBackend.Data", "Data\SriDurgaHariHaraBackend.Data.csproj", "{0F62DDFC-A288-4986-8B80-47592E3DBD69}"
EndProject
Project("{2150E333-8FDC-42A3-9474-1A3956D46DE8}") = "Config", "Config", "{1AD244E0-696C-4A2A-31B1-1832C4FA60E4}"
EndProject
Project("{FAE04EC0-301F-11D3-BF4B-00C04F79EFBC}") = "SriDurgaHariHaraBackend.Config", "Config\SriDurgaHariHaraBackend.Config.csproj", "{CB03AF51-022A-402E-B2C7-C0C5F05E377E}"
EndProject
Global
	GlobalSection(SolutionConfigurationPlatforms) = preSolution
		Debug|Any CPU = Debug|Any CPU
		Debug|x64 = Debug|x64
		Debug|x86 = Debug|x86
		Release|Any CPU = Release|Any CPU
		Release|x64 = Release|x64
		Release|x86 = Release|x86
	EndGlobalSection
	GlobalSection(ProjectConfigurationPlatforms) = postSolution
		{51ED8063-D376-4506-A947-219EC7284610}.Debug|Any CPU.ActiveCfg = Debug|Any CPU
		{51ED8063-D376-4506-A947-219EC7284610}.Debug|Any CPU.Build.0 = Debug|Any CPU
		{51ED8063-D376-4506-A947-219EC7284610}.Debug|x64.ActiveCfg = Debug|Any CPU
		{51ED8063-D376-4506-A947-219EC7284610}.Debug|x64.Build.0 = Debug|Any CPU
		{51ED8063-D376-4506-A947-219EC7284610}.Debug|x86.ActiveCfg = Debug|Any CPU
		{51ED8063-D376-4506-A947-219EC7284610}.Debug|x86.Build.0 = Debug|Any CPU
		{51ED8063-D376-4506-A947-219EC7284610}.Release|Any CPU.ActiveCfg = Release|Any CPU
		{51ED8063-D376-4506-A947-219EC7284610}.Release|Any CPU.Build.0 = Release|Any CPU
		{51ED8063-D376-4506-A947-219EC7284610}.Release|x64.ActiveCfg = Release|Any CPU
		{51ED8063-D376-4506-A947-219EC7284610}.Release|x64.Build.0 = Release|Any CPU
		{51ED8063-D376-4506-A947-219EC7284610}.Release|x86.ActiveCfg = Release|Any CPU
		{51ED8063-D376-4506-A947-219EC7284610}.Release|x86.Build.0 = Release|Any CPU
		{1204D8C8-6A90-4370-ADB5-40BFB6DC5803}.Debug|Any CPU.ActiveCfg = Debug|Any CPU
		{1204D8C8-6A90-4370-ADB5-40BFB6DC5803}.Debug|Any CPU.Build.0 = Debug|Any CPU
		{1204D8C8-6A90-4370-ADB5-40BFB6DC5803}.Debug|x64.ActiveCfg = Debug|Any CPU
		{1204D8C8-6A90-4370-ADB5-40BFB6DC5803}.Debug|x64.Build.0 = Debug|Any CPU
		{1204D8C8-6A90-4370-ADB5-40BFB6DC5803}.Debug|x86.ActiveCfg = Debug|Any CPU
		{1204D8C8-6A90-4370-ADB5-40BFB6DC5803}.Debug|x86.Build.0 = Debug|Any CPU
		{1204D8C8-6A90-4370-ADB5-40BFB6DC5803}.Release|Any CPU.ActiveCfg = Release|Any CPU
		{1204D8C8-6A90-4370-ADB5-40BFB6DC5803}.Release|Any CPU.Build.0 = Release|Any CPU
		{1204D8C8-6A90-4370-ADB5-40BFB6DC5803}.Release|x64.ActiveCfg = Release|Any CPU
		{1204D8C8-6A90-4370-ADB5-40BFB6DC5803}.Release|x64.Build.0 = Release|Any CPU
		{1204D8C8-6A90-4370-ADB5-40BFB6DC5803}.Release|x86.ActiveCfg = Release|Any CPU
		{1204D8C8-6A90-4370-ADB5-40BFB6DC5803}.Release|x86.Build.0 = Release|Any CPU
		{518B5169-A031-439B-B661-30925675C1C5}.Debug|Any CPU.ActiveCfg = Debug|Any CPU
		{518B5169-A031-439B-B661-30925675C1C5}.Debug|Any CPU.Build.0 = Debug|Any CPU
		{518B5169-A031-439B-B661-30925675C1C5}.Debug|x64.ActiveCfg = Debug|Any CPU
		{518B5169-A031-439B-B661-30925675C1C5}.Debug|x64.Build.0 = Debug|Any CPU
		{518B5169-A031-439B-B661-30925675C1C5}.Debug|x86.ActiveCfg = Debug|Any CPU
		{518B5169-A031-439B-B661-30925675C1C5}.Debug|x86.Build.0 = Debug|Any CPU
		{518B5169-A031-439B-B661-30925675C1C5}.Release|Any CPU.ActiveCfg = Release|Any CPU
		{518B5169-A031-439B-B661-30925675C1C5}.Release|Any CPU.Build.0 = Release|Any CPU
		{518B5169-A031-439B-B661-30925675C1C5}.Release|x64.ActiveCfg = Release|Any CPU
		{518B5169-A031-439B-B661-30925675C1C5}.Release|x64.Build.0 = Release|Any CPU
		{518B5169-A031-439B-B661-30925675C1C5}.Release|x86.ActiveCfg = Release|Any CPU
		{518B5169-A031-439B-B661-30925675C1C5}.Release|x86.Build.0 = Release|Any CPU
		{0F62DDFC-A288-4986-8B80-47592E3DBD69}.Debug|Any CPU.ActiveCfg = Debug|Any CPU
		{0F62DDFC-A288-4986-8B80-47592E3DBD69}.Debug|Any CPU.Build.0 = Debug|Any CPU
		{0F62DDFC-A288-4986-8B80-47592E3DBD69}.Debug|x64.ActiveCfg = Debug|Any CPU
		{0F62DDFC-A288-4986-8B80-47592E3DBD69}.Debug|x64.Build.0 = Debug|Any CPU
		{0F62DDFC-A288-4986-8B80-47592E3DBD69}.Debug|x86.ActiveCfg = Debug|Any CPU
		{0F62DDFC-A288-4986-8B80-47592E3DBD69}.Debug|x86.Build.0 = Debug|Any CPU
		{0F62DDFC-A288-4986-8B80-47592E3DBD69}.Release|Any CPU.ActiveCfg = Release|Any CPU
		{0F62DDFC-A288-4986-8B80-47592E3DBD69}.Release|Any CPU.Build.0 = Release|Any CPU
		{0F62DDFC-A288-4986-8B80-47592E3DBD69}.Release|x64.ActiveCfg = Release|Any CPU
		{0F62DDFC-A288-4986-8B80-47592E3DBD69}.Release|x64.Build.0 = Release|Any CPU
		{0F62DDFC-A288-4986-8B80-47592E3DBD69}.Release|x86.ActiveCfg = Release|Any CPU
		{0F62DDFC-A288-4986-8B80-47592E3DBD69}.Release|x86.Build.0 = Release|Any CPU
		{CB03AF51-022A-402E-B2C7-C0C5F05E377E}.Debug|Any CPU.ActiveCfg = Debug|Any CPU
		{CB03AF51-022A-402E-B2C7-C0C5F05E377E}.Debug|Any CPU.Build.0 = Debug|Any CPU
		{CB03AF51-022A-402E-B2C7-C0C5F05E377E}.Debug|x64.ActiveCfg = Debug|Any CPU
		{CB03AF51-022A-402E-B2C7-C0C5F05E377E}.Debug|x64.Build.0 = Debug|Any CPU
		{CB03AF51-022A-402E-B2C7-C0C5F05E377E}.Debug|x86.ActiveCfg = Debug|Any CPU
		{CB03AF51-022A-402E-B2C7-C0C5F05E377E}.Debug|x86.Build.0 = Debug|Any CPU
		{CB03AF51-022A-402E-B2C7-C0C5F05E377E}.Release|Any CPU.ActiveCfg = Release|Any CPU
		{CB03AF51-022A-402E-B2C7-C0C5F05E377E}.Release|Any CPU.Build.0 = Release|Any CPU
		{CB03AF51-022A-402E-B2C7-C0C5F05E377E}.Release|x64.ActiveCfg = Release|Any CPU
		{CB03AF51-022A-402E-B2C7-C0C5F05E377E}.Release|x64.Build.0 = Release|Any CPU
		{CB03AF51-022A-402E-B2C7-C0C5F05E377E}.Release|x86.ActiveCfg = Release|Any CPU
		{CB03AF51-022A-402E-B2C7-C0C5F05E377E}.Release|x86.Build.0 = Release|Any CPU
	EndGlobalSection
	GlobalSection(SolutionProperties) = preSolution
		HideSolutionNode = FALSE
	EndGlobalSection
	GlobalSection(NestedProjects) = preSolution
		{51ED8063-D376-4506-A947-219EC7284610} = {D82C56D6-B2CD-F611-9E31-04638F7EC30E}
		{1204D8C8-6A90-4370-ADB5-40BFB6DC5803} = {A74F262E-BDE7-D5D2-89E9-785413424D0A}
		{518B5169-A031-439B-B661-30925675C1C5} = {996CEBED-A05B-5D42-3FF0-982E087A2599}
		{0F62DDFC-A288-4986-8B80-47592E3DBD69} = {DFEE68D8-A7D0-1A41-506C-9B74AA9A7B7B}
		{CB03AF51-022A-402E-B2C7-C0C5F05E377E} = {1AD244E0-696C-4A2A-31B1-1832C4FA60E4}
	EndGlobalSection
EndGlobal
